
Microsoft Visual Studio Solution File, Format Version 12.00
# Visual Studio Version 17
VisualStudioVersion = 17.5.33627.172
MinimumVisualStudioVersion = 10.0.40219.1
Project("{FAE04EC0-301F-11D3-BF4B-00C04F79EFBC}") = "testAutoBuild", "testAutoBuild\testAutoBuild.csproj", "{0DDC04EE-905B-46E7-B679-321F84BAEA5E}"
EndProject
Global
	GlobalSection(SolutionConfigurationPlatforms) = preSolution
		Debug|Any CPU = Debug|Any CPU
		Release|Any CPU = Release|Any CPU
	EndGlobalSection
	GlobalSection(ProjectConfigurationPlatforms) = postSolution
		{0DDC04EE-905B-46E7-B679-321F84BAEA5E}.Debug|Any CPU.ActiveCfg = Debug|Any CPU
		{0DDC04EE-905B-46E7-B679-321F84BAEA5E}.Debug|Any CPU.Build.0 = Debug|Any CPU
		{0DDC04EE-905B-46E7-B679-321F84BAEA5E}.Release|Any CPU.ActiveCfg = Release|Any CPU
		{0DDC04EE-905B-46E7-B679-321F84BAEA5E}.Release|Any CPU.Build.0 = Release|Any CPU
	EndGlobalSection
	GlobalSection(SolutionProperties) = preSolution
		HideSolutionNode = FALSE
	EndGlobalSection
	GlobalSection(ExtensibilityGlobals) = postSolution
		SolutionGuid = {9E02760A-98D4-48F6-B18E-8F367B5DD832}
	EndGlobalSection
EndGlobal
